
Microsoft Visual Studio Solution File, Format Version 12.00
# Visual Studio Version 17
VisualStudioVersion = 17.9.34728.123
MinimumVisualStudioVersion = 10.0.40219.1
Project("{9A19103F-16F7-4668-BE54-9A1E7A4F7556}") = "StatsPerformChallengeAPI", "StatsPerformChallengeAPI\StatsPerformChallengeAPI.csproj", "{46B70095-0A72-45B5-A9D3-98A5684A1191}"
EndProject
Project("{FAE04EC0-301F-11D3-BF4B-00C04F79EFBC}") = "StatsPerformChallengeAPI.Tests", "StatsPerformChallengeAPI.Tests\StatsPerformChallengeAPI.Tests.csproj", "{BF9C807A-B8D1-4D5E-A11D-730688B9E80E}"
EndProject
Global
	GlobalSection(SolutionConfigurationPlatforms) = preSolution
		Debug|Any CPU = Debug|Any CPU
		Release|Any CPU = Release|Any CPU
	EndGlobalSection
	GlobalSection(ProjectConfigurationPlatforms) = postSolution
		{46B70095-0A72-45B5-A9D3-98A5684A1191}.Debug|Any CPU.ActiveCfg = Debug|Any CPU
		{46B70095-0A72-45B5-A9D3-98A5684A1191}.Debug|Any CPU.Build.0 = Debug|Any CPU
		{46B70095-0A72-45B5-A9D3-98A5684A1191}.Release|Any CPU.ActiveCfg = Release|Any CPU
		{46B70095-0A72-45B5-A9D3-98A5684A1191}.Release|Any CPU.Build.0 = Release|Any CPU
		{BF9C807A-B8D1-4D5E-A11D-730688B9E80E}.Debug|Any CPU.ActiveCfg = Debug|Any CPU
		{BF9C807A-B8D1-4D5E-A11D-730688B9E80E}.Debug|Any CPU.Build.0 = Debug|Any CPU
		{BF9C807A-B8D1-4D5E-A11D-730688B9E80E}.Release|Any CPU.ActiveCfg = Release|Any CPU
		{BF9C807A-B8D1-4D5E-A11D-730688B9E80E}.Release|Any CPU.Build.0 = Release|Any CPU
	EndGlobalSection
	GlobalSection(SolutionProperties) = preSolution
		HideSolutionNode = FALSE
	EndGlobalSection
	GlobalSection(ExtensibilityGlobals) = postSolution
		SolutionGuid = {3D3D53D9-5A01-4BD2-AEA5-286AEE9EB63C}
	EndGlobalSection
EndGlobal
